
Microsoft Visual Studio Solution File, Format Version 12.00
# Visual Studio Version 17
VisualStudioVersion = 17.10.35027.167
MinimumVisualStudioVersion = 10.0.40219.1
Project("{9A19103F-16F7-4668-BE54-9A1E7A4F7556}") = "Catalog.API", "Services\Catalog\Catalog.API\Catalog.API.csproj", "{38BA6013-65BC-4667-88F2-3C1A3A39ACB6}"
EndProject
Project("{9A19103F-16F7-4668-BE54-9A1E7A4F7556}") = "BuildingBlocks", "BuildingBlocks\BuildingBlocks\BuildingBlocks.csproj", "{3F2447DC-CFA9-46D2-8731-79C8632344FD}"
EndProject
Project("{E53339B2-1760-4266-BCC7-CA923CBCF16C}") = "docker-compose", "docker-compose.dcproj", "{EC010322-A3BB-4440-9CEE-625F2FB951FE}"
EndProject
Global
	GlobalSection(SolutionConfigurationPlatforms) = preSolution
		Debug|Any CPU = Debug|Any CPU
		Release|Any CPU = Release|Any CPU
	EndGlobalSection
	GlobalSection(ProjectConfigurationPlatforms) = postSolution
		{38BA6013-65BC-4667-88F2-3C1A3A39ACB6}.Debug|Any CPU.ActiveCfg = Debug|Any CPU
		{38BA6013-65BC-4667-88F2-3C1A3A39ACB6}.Debug|Any CPU.Build.0 = Debug|Any CPU
		{38BA6013-65BC-4667-88F2-3C1A3A39ACB6}.Release|Any CPU.ActiveCfg = Release|Any CPU
		{38BA6013-65BC-4667-88F2-3C1A3A39ACB6}.Release|Any CPU.Build.0 = Release|Any CPU
		{3F2447DC-CFA9-46D2-8731-79C8632344FD}.Debug|Any CPU.ActiveCfg = Debug|Any CPU
		{3F2447DC-CFA9-46D2-8731-79C8632344FD}.Debug|Any CPU.Build.0 = Debug|Any CPU
		{3F2447DC-CFA9-46D2-8731-79C8632344FD}.Release|Any CPU.ActiveCfg = Release|Any CPU
		{3F2447DC-CFA9-46D2-8731-79C8632344FD}.Release|Any CPU.Build.0 = Release|Any CPU
		{EC010322-A3BB-4440-9CEE-625F2FB951FE}.Debug|Any CPU.ActiveCfg = Debug|Any CPU
		{EC010322-A3BB-4440-9CEE-625F2FB951FE}.Debug|Any CPU.Build.0 = Debug|Any CPU
		{EC010322-A3BB-4440-9CEE-625F2FB951FE}.Release|Any CPU.ActiveCfg = Release|Any CPU
		{EC010322-A3BB-4440-9CEE-625F2FB951FE}.Release|Any CPU.Build.0 = Release|Any CPU
	EndGlobalSection
	GlobalSection(SolutionProperties) = preSolution
		HideSolutionNode = FALSE
	EndGlobalSection
	GlobalSection(ExtensibilityGlobals) = postSolution
		SolutionGuid = {06316F96-CD89-4CA5-90AD-65CFE6CF4E9C}
	EndGlobalSection
EndGlobal
